{
    "_readme": [
        "This file locks the dependencies of your project to a known state",
        "Read more about it at https://getcomposer.org/doc/01-basic-usage.md#installing-dependencies",
        "This file is @generated automatically"
    ],
    "content-hash": "5e408c943bd866c83ad535091e925914",
    "packages": [
        {
            "name": "hugsbrugs/php-filesystem",
            "version": "dev-master",
            "source": {
                "type": "git",
                "url": "https://github.com/hugsbrugs/php-filesystem.git",
                "reference": "6af5d17cad38653e22ce26c9827efb9a7fa58d3c"
            },
            "dist": {
                "type": "zip",
                "url": "https://api.github.com/repos/hugsbrugs/php-filesystem/zipball/6af5d17cad38653e22ce26c9827efb9a7fa58d3c",
                "reference": "6af5d17cad38653e22ce26c9827efb9a7fa58d3c",
                "shasum": ""
            },
            "require-dev": {
                "mikey179/vfsstream": "~1",
                "php-coveralls/php-coveralls": "^2.2.0",
                "phpunit/phpunit": "^6.0"
            },
            "type": "library",
            "autoload": {
                "psr-4": {
                    "Hug\\": "src/Hug/"
                }
            },
            "notification-url": "https://packagist.org/downloads/",
            "authors": [
                {
                    "name": "Hugo Maugey",
                    "email": "hugo@maugey.fr",
                    "homepage": "https://hugo.maugey.fr",
                    "role": "Developer"
                }
            ],
            "description": "PHP File System Utilities",
            "time": "2020-05-25T06:42:59+00:00"
        }
    ],
    "packages-dev": [],
    "aliases": [],
    "minimum-stability": "stable",
    "stability-flags": {
        "hugsbrugs/php-filesystem": 20
    },
    "prefer-stable": false,
    "prefer-lowest": false,
    "platform": [],
    "platform-dev": []
}
